version: 2.0
shards:
  backtracer:
    git: https://github.com/sija/backtracer.cr.git
    version: 1.2.4

  baked_file_system:
    git: https://github.com/schovi/baked_file_system.git
    version: 0.14.1

  bindata:
    git: https://github.com/spider-gazelle/bindata.git
    version: 3.2.1

  db:
    git: https://github.com/crystal-lang/crystal-db.git
    version: 0.14.0

  ed25519:
    git: https://github.com/spider-gazelle/ed25519.git
    version: 1.1.0

  email:
    git: https://github.com/arcage/crystal-email.git
    version: 0.7.1

  exception_page:
    git: https://github.com/crystal-loot/exception_page.git
    version: 0.5.0

  halite:
    git: https://github.com/icyleaf/halite.git
    version: 0.12.1

  hashids:
    git: https://github.com/splattael/hashids.cr.git
    version: 0.3.0

  i18n:
    git: https://github.com/crystal-i18n/i18n.git
    version: 0.2.2

  jbuilder:
    git: https://github.com/shootingfly/jbuilder.git
    version: 1.0.0

  jwt:
    git: https://github.com/crystal-community/jwt.git
    version: 1.7.2

  kemal:
    git: https://github.com/kemalcr/kemal.git
    version: 1.13.0

  kemal-csrf:
    git: https://github.com/kemalcr/kemal-csrf.git
    version: 1.1.0

  kemal-session:
    git: https://github.com/kemalcr/kemal-session.git
    version: 1.0.0

  markd:
    git: https://github.com/icyleaf/markd.git
    version: 0.6.0+git.commit.6163869970fbab48c081106543591deb6630bcde

  marten:
    git: https://github.com/martenframework/marten.git
    version: 0.7.0

  marten_auth:
    git: https://github.com/martenframework/marten-auth.git
    version: 0.2.1

  marten_smtp_emailing:
    git: https://github.com/martenframework/marten-smtp-emailing.git
    version: 0.2.0

  msgpack:
    git: https://github.com/crystal-community/msgpack-crystal.git
    version: 1.3.5

  multi_auth:
    git: https://github.com/msa7/multi_auth.git
    version: 1.1.1

  mysql:
    git: https://github.com/crystal-lang/crystal-mysql.git
    version: 0.17.0

  nanoid:
    git: https://github.com/mamantoha/nanoid.cr.git
    version: 0.8.0

  openssl_ext:
    git: https://github.com/spider-gazelle/openssl_ext.git
    version: 2.8.5

  pool:
    git: https://github.com/ysbaddaden/pool.git
    version: 0.2.4

  prorate:
    git: https://github.com/wjwh/prorate-cr.git
    version: 0.1.0+git.commit.1bd50585aa5dc65fd80be9d30248d5674e990cbf

  radix:
    git: https://github.com/luislavena/radix.git
    version: 0.4.1

  rbacr:
    git: https://github.com/systatum/rbacr.git
    version: 0.1.0+git.commit.6e6d2ea58b5fc5876e79d72a6f2c020b2d249359

  redis:
    git: https://github.com/stefanwille/crystal-redis.git
    version: 2.9.1

  sidekiq:
    git: https://github.com/mperham/sidekiq.cr.git
    version: 0.7.3

  spectator:
    git: https://gitlab.com/arctic-fox/spectator.git
    version: 0.12.4

  typed_env_config:
    git: https://github.com/systatum/typed_env_config.git
    version: 0.3.0

